
Microsoft Visual Studio Solution File, Format Version 12.00
# Visual Studio Version 17
VisualStudioVersion = 17.4.33213.308
MinimumVisualStudioVersion = 10.0.40219.1
Project("{F2A71F9B-5D33-465A-A702-920D77279786}") = "Fun.AspNetCore", "Fun.AspNetCore\Fun.AspNetCore.fsproj", "{DB4126BA-1EC7-49E8-8806-323CE7986725}"
EndProject
Project("{F2A71F9B-5D33-465A-A702-920D77279786}") = "Fun.AspNetCore.Demo", "Fun.AspNetCore.Demo\Fun.AspNetCore.Demo.fsproj", "{9F472187-28B4-4CB0-9769-8A5187769991}"
EndProject
Global
	GlobalSection(SolutionConfigurationPlatforms) = preSolution
		Debug|Any CPU = Debug|Any CPU
		Release|Any CPU = Release|Any CPU
	EndGlobalSection
	GlobalSection(ProjectConfigurationPlatforms) = postSolution
		{DB4126BA-1EC7-49E8-8806-323CE7986725}.Debug|Any CPU.ActiveCfg = Debug|Any CPU
		{DB4126BA-1EC7-49E8-8806-323CE7986725}.Debug|Any CPU.Build.0 = Debug|Any CPU
		{DB4126BA-1EC7-49E8-8806-323CE7986725}.Release|Any CPU.ActiveCfg = Release|Any CPU
		{DB4126BA-1EC7-49E8-8806-323CE7986725}.Release|Any CPU.Build.0 = Release|Any CPU
		{9F472187-28B4-4CB0-9769-8A5187769991}.Debug|Any CPU.ActiveCfg = Debug|Any CPU
		{9F472187-28B4-4CB0-9769-8A5187769991}.Debug|Any CPU.Build.0 = Debug|Any CPU
		{9F472187-28B4-4CB0-9769-8A5187769991}.Release|Any CPU.ActiveCfg = Release|Any CPU
		{9F472187-28B4-4CB0-9769-8A5187769991}.Release|Any CPU.Build.0 = Release|Any CPU
	EndGlobalSection
	GlobalSection(SolutionProperties) = preSolution
		HideSolutionNode = FALSE
	EndGlobalSection
	GlobalSection(ExtensibilityGlobals) = postSolution
		SolutionGuid = {F4B9659A-3A72-4F68-A276-6ACA2442A0A6}
	EndGlobalSection
EndGlobal
